
Microsoft Visual Studio Solution File, Format Version 12.00
# Visual Studio Version 16
VisualStudioVersion = 16.0.30804.86
MinimumVisualStudioVersion = 10.0.40219.1
Project("{FAE04EC0-301F-11D3-BF4B-00C04F79EFBC}") = "TestTask1", "TestTask1\TestTask1.csproj", "{91CC2D80-2327-4B79-9F55-EC96EFEE9EA4}"
EndProject
Global
	GlobalSection(SolutionConfigurationPlatforms) = preSolution
		Debug|Any CPU = Debug|Any CPU
		Release|Any CPU = Release|Any CPU
	EndGlobalSection
	GlobalSection(ProjectConfigurationPlatforms) = postSolution
		{91CC2D80-2327-4B79-9F55-EC96EFEE9EA4}.Debug|Any CPU.ActiveCfg = Debug|Any CPU
		{91CC2D80-2327-4B79-9F55-EC96EFEE9EA4}.Debug|Any CPU.Build.0 = Debug|Any CPU
		{91CC2D80-2327-4B79-9F55-EC96EFEE9EA4}.Release|Any CPU.ActiveCfg = Release|Any CPU
		{91CC2D80-2327-4B79-9F55-EC96EFEE9EA4}.Release|Any CPU.Build.0 = Release|Any CPU
	EndGlobalSection
	GlobalSection(SolutionProperties) = preSolution
		HideSolutionNode = FALSE
	EndGlobalSection
	GlobalSection(ExtensibilityGlobals) = postSolution
		SolutionGuid = {20990AF1-75BE-4CF2-8986-FF421BA17B37}
	EndGlobalSection
EndGlobal
